// !$*UTF8*$!
{
	archiveVersion = 1;
	classes = {
	};
	objectVersion = 50;
	objects = {

/* Begin PBXBuildFile section */
		5F523B1625B62676000C319E /* DoneTasksTableViewController.swift in Sources */ = {isa = PBXBuildFile; fileRef = 5F523B1525B62676000C319E /* DoneTasksTableViewController.swift */; };
		5F523B1925B62724000C319E /* DeletedTasksTableViewController.swift in Sources */ = {isa = PBXBuildFile; fileRef = 5F523B1825B62724000C319E /* DeletedTasksTableViewController.swift */; };
		5F523B2025B6275B000C319E /* AccountViewController.swift in Sources */ = {isa = PBXBuildFile; fileRef = 5F523B1F25B6275B000C319E /* AccountViewController.swift */; };
		5F568C002604F26300CC93D9 /* .gitignore in Resources */ = {isa = PBXBuildFile; fileRef = 5F568BFF2604F26300CC93D9 /* .gitignore */; };
		5F6BB79925B2A4480019E21E /* AppDelegate.swift in Sources */ = {isa = PBXBuildFile; fileRef = 5F6BB79825B2A4480019E21E /* AppDelegate.swift */; };
		5F6BB79B25B2A4480019E21E /* SceneDelegate.swift in Sources */ = {isa = PBXBuildFile; fileRef = 5F6BB79A25B2A4480019E21E /* SceneDelegate.swift */; };
		5F6BB7A025B2A4480019E21E /* Main.storyboard in Resources */ = {isa = PBXBuildFile; fileRef = 5F6BB79E25B2A4480019E21E /* Main.storyboard */; };
		5F6BB7A325B2A4480019E21E /* EasyRoutine.xcdatamodeld in Sources */ = {isa = PBXBuildFile; fileRef = 5F6BB7A125B2A4480019E21E /* EasyRoutine.xcdatamodeld */; };
		5F6BB7A525B2A44B0019E21E /* Assets.xcassets in Resources */ = {isa = PBXBuildFile; fileRef = 5F6BB7A425B2A44B0019E21E /* Assets.xcassets */; };
		5F6BB7A825B2A44B0019E21E /* LaunchScreen.storyboard in Resources */ = {isa = PBXBuildFile; fileRef = 5F6BB7A625B2A44B0019E21E /* LaunchScreen.storyboard */; };
		5F6BB7B625B2B8CF0019E21E /* ToDoTableViewController.swift in Sources */ = {isa = PBXBuildFile; fileRef = 5F6BB7B525B2B8CF0019E21E /* ToDoTableViewController.swift */; };
		5F6BB7B925B2B8EC0019E21E /* AddTaskTableViewController.swift in Sources */ = {isa = PBXBuildFile; fileRef = 5F6BB7B825B2B8EC0019E21E /* AddTaskTableViewController.swift */; };
		5F6BB7BC25B2B9760019E21E /* TaskCell.swift in Sources */ = {isa = PBXBuildFile; fileRef = 5F6BB7BB25B2B9760019E21E /* TaskCell.swift */; };
		5F6BB7C425B2BECC0019E21E /* CoreDataStack.swift in Sources */ = {isa = PBXBuildFile; fileRef = 5F6BB7C325B2BECC0019E21E /* CoreDataStack.swift */; };
		5FD2C6DC25B4B7430085F74B /* User+CoreDataClass.swift in Sources */ = {isa = PBXBuildFile; fileRef = 5FD2C6D825B4B7430085F74B /* User+CoreDataClass.swift */; };
		5FD2C6DD25B4B7430085F74B /* User+CoreDataProperties.swift in Sources */ = {isa = PBXBuildFile; fileRef = 5FD2C6D925B4B7430085F74B /* User+CoreDataProperties.swift */; };
		5FD2C6DE25B4B7430085F74B /* Task+CoreDataClass.swift in Sources */ = {isa = PBXBuildFile; fileRef = 5FD2C6DA25B4B7430085F74B /* Task+CoreDataClass.swift */; };
		5FD2C6DF25B4B7430085F74B /* Task+CoreDataProperties.swift in Sources */ = {isa = PBXBuildFile; fileRef = 5FD2C6DB25B4B7430085F74B /* Task+CoreDataProperties.swift */; };
		5FD7CD6725B879CF00CF213F /* TaskManager.swift in Sources */ = {isa = PBXBuildFile; fileRef = 5FD7CD6625B879CF00CF213F /* TaskManager.swift */; };
/* End PBXBuildFile section */

/* Begin PBXFileReference section */
		5F523B1525B62676000C319E /* DoneTasksTableViewController.swift */ = {isa = PBXFileReference; lastKnownFileType = sourcecode.swift; path = DoneTasksTableViewController.swift; sourceTree = "<group>"; };
		5F523B1825B62724000C319E /* DeletedTasksTableViewController.swift */ = {isa = PBXFileReference; lastKnownFileType = sourcecode.swift; path = DeletedTasksTableViewController.swift; sourceTree = "<group>"; };
		5F523B1F25B6275B000C319E /* AccountViewController.swift */ = {isa = PBXFileReference; lastKnownFileType = sourcecode.swift; path = AccountViewController.swift; sourceTree = "<group>"; };
		5F568BFF2604F26300CC93D9 /* .gitignore */ = {isa = PBXFileReference; lastKnownFileType = text; path = .gitignore; sourceTree = "<group>"; };
		5F6BB79525B2A4480019E21E /* EasyRoutine.app */ = {isa = PBXFileReference; explicitFileType = wrapper.application; includeInIndex = 0; path = EasyRoutine.app; sourceTree = BUILT_PRODUCTS_DIR; };
		5F6BB79825B2A4480019E21E /* AppDelegate.swift */ = {isa = PBXFileReference; lastKnownFileType = sourcecode.swift; path = AppDelegate.swift; sourceTree = "<group>"; };
		5F6BB79A25B2A4480019E21E /* SceneDelegate.swift */ = {isa = PBXFileReference; lastKnownFileType = sourcecode.swift; path = SceneDelegate.swift; sourceTree = "<group>"; };
		5F6BB79F25B2A4480019E21E /* Base */ = {isa = PBXFileReference; lastKnownFileType = file.storyboard; name = Base; path = Base.lproj/Main.storyboard; sourceTree = "<group>"; };
		5F6BB7A225B2A4480019E21E /* EasyRoutine.xcdatamodel */ = {isa = PBXFileReference; lastKnownFileType = wrapper.xcdatamodel; path = EasyRoutine.xcdatamodel; sourceTree = "<group>"; };
		5F6BB7A425B2A44B0019E21E /* Assets.xcassets */ = {isa = PBXFileReference; lastKnownFileType = folder.assetcatalog; path = Assets.xcassets; sourceTree = "<group>"; };
		5F6BB7A725B2A44B0019E21E /* Base */ = {isa = PBXFileReference; lastKnownFileType = file.storyboard; name = Base; path = Base.lproj/LaunchScreen.storyboard; sourceTree = "<group>"; };
		5F6BB7A925B2A44B0019E21E /* Info.plist */ = {isa = PBXFileReference; lastKnownFileType = text.plist.xml; path = Info.plist; sourceTree = "<group>"; };
		5F6BB7B525B2B8CF0019E21E /* ToDoTableViewController.swift */ = {isa = PBXFileReference; lastKnownFileType = sourcecode.swift; path = ToDoTableViewController.swift; sourceTree = "<group>"; };
		5F6BB7B825B2B8EC0019E21E /* AddTaskTableViewController.swift */ = {isa = PBXFileReference; lastKnownFileType = sourcecode.swift; path = AddTaskTableViewController.swift; sourceTree = "<group>"; };
		5F6BB7BB25B2B9760019E21E /* TaskCell.swift */ = {isa = PBXFileReference; lastKnownFileType = sourcecode.swift; path = TaskCell.swift; sourceTree = "<group>"; };
		5F6BB7C325B2BECC0019E21E /* CoreDataStack.swift */ = {isa = PBXFileReference; lastKnownFileType = sourcecode.swift; path = CoreDataStack.swift; sourceTree = "<group>"; };
		5FD2C6D825B4B7430085F74B /* User+CoreDataClass.swift */ = {isa = PBXFileReference; lastKnownFileType = sourcecode.swift; path = "User+CoreDataClass.swift"; sourceTree = "<group>"; };
		5FD2C6D925B4B7430085F74B /* User+CoreDataProperties.swift */ = {isa = PBXFileReference; lastKnownFileType = sourcecode.swift; path = "User+CoreDataProperties.swift"; sourceTree = "<group>"; };
		5FD2C6DA25B4B7430085F74B /* Task+CoreDataClass.swift */ = {isa = PBXFileReference; lastKnownFileType = sourcecode.swift; path = "Task+CoreDataClass.swift"; sourceTree = "<group>"; };
		5FD2C6DB25B4B7430085F74B /* Task+CoreDataProperties.swift */ = {isa = PBXFileReference; lastKnownFileType = sourcecode.swift; path = "Task+CoreDataProperties.swift"; sourceTree = "<group>"; };
		5FD7CD6625B879CF00CF213F /* TaskManager.swift */ = {isa = PBXFileReference; lastKnownFileType = sourcecode.swift; path = TaskManager.swift; sourceTree = "<group>"; };
/* End PBXFileReference section */

/* Begin PBXFrameworksBuildPhase section */
		5F6BB79225B2A4480019E21E /* Frameworks */ = {
			isa = PBXFrameworksBuildPhase;
			buildActionMask = 2147483647;
			files = (
			);
			runOnlyForDeploymentPostprocessing = 0;
		};
/* End PBXFrameworksBuildPhase section */

/* Begin PBXGroup section */
		5F6BB78C25B2A4480019E21E = {
			isa = PBXGroup;
			children = (
				5F568BFF2604F26300CC93D9 /* .gitignore */,
				5F6BB79725B2A4480019E21E /* EasyRoutine */,
				5F6BB79625B2A4480019E21E /* Products */,
			);
			sourceTree = "<group>";
		};
		5F6BB79625B2A4480019E21E /* Products */ = {
			isa = PBXGroup;
			children = (
				5F6BB79525B2A4480019E21E /* EasyRoutine.app */,
			);
			name = Products;
			sourceTree = "<group>";
		};
		5F6BB79725B2A4480019E21E /* EasyRoutine */ = {
			isa = PBXGroup;
			children = (
				5F6BB7BE25B2B9C60019E21E /* Models */,
				5F6BB7B325B2B89B0019E21E /* Controllers */,
				5F6BB7B225B2B8980019E21E /* Views */,
				5F6BB79825B2A4480019E21E /* AppDelegate.swift */,
				5F6BB79A25B2A4480019E21E /* SceneDelegate.swift */,
				5F6BB7A425B2A44B0019E21E /* Assets.xcassets */,
				5F6BB7A625B2A44B0019E21E /* LaunchScreen.storyboard */,
				5F6BB7A925B2A44B0019E21E /* Info.plist */,
			);
			path = EasyRoutine;
			sourceTree = "<group>";
		};
		5F6BB7B225B2B8980019E21E /* Views */ = {
			isa = PBXGroup;
			children = (
				5F6BB79E25B2A4480019E21E /* Main.storyboard */,
				5F6BB7BB25B2B9760019E21E /* TaskCell.swift */,
			);
			path = Views;
			sourceTree = "<group>";
		};
		5F6BB7B325B2B89B0019E21E /* Controllers */ = {
			isa = PBXGroup;
			children = (
				5F6BB7B525B2B8CF0019E21E /* ToDoTableViewController.swift */,
				5F523B1525B62676000C319E /* DoneTasksTableViewController.swift */,
				5F523B1825B62724000C319E /* DeletedTasksTableViewController.swift */,
				5F523B1F25B6275B000C319E /* AccountViewController.swift */,
				5F6BB7B825B2B8EC0019E21E /* AddTaskTableViewController.swift */,
			);
			path = Controllers;
			sourceTree = "<group>";
		};
		5F6BB7BE25B2B9C60019E21E /* Models */ = {
			isa = PBXGroup;
			children = (
				5FD2C6E125B4B75E0085F74B /* Entities */,
				5F6BB7A125B2A4480019E21E /* EasyRoutine.xcdatamodeld */,
				5F6BB7C325B2BECC0019E21E /* CoreDataStack.swift */,
				5FD7CD6625B879CF00CF213F /* TaskManager.swift */,
			);
			path = Models;
			sourceTree = "<group>";
		};
		5FD2C6E125B4B75E0085F74B /* Entities */ = {
			isa = PBXGroup;
			children = (
				5FD2C6D825B4B7430085F74B /* User+CoreDataClass.swift */,
				5FD2C6D925B4B7430085F74B /* User+CoreDataProperties.swift */,
				5FD2C6DA25B4B7430085F74B /* Task+CoreDataClass.swift */,
				5FD2C6DB25B4B7430085F74B /* Task+CoreDataProperties.swift */,
			);
			path = Entities;
			sourceTree = "<group>";
		};
/* End PBXGroup section */

/* Begin PBXNativeTarget section */
		5F6BB79425B2A4480019E21E /* EasyRoutine */ = {
			isa = PBXNativeTarget;
			buildConfigurationList = 5F6BB7AC25B2A44B0019E21E /* Build configuration list for PBXNativeTarget "EasyRoutine" */;
			buildPhases = (
				5F6BB79125B2A4480019E21E /* Sources */,
				5F6BB79225B2A4480019E21E /* Frameworks */,
				5F6BB79325B2A4480019E21E /* Resources */,
			);
			buildRules = (
			);
			dependencies = (
			);
			name = EasyRoutine;
			productName = EasyRoutine;
			productReference = 5F6BB79525B2A4480019E21E /* EasyRoutine.app */;
			productType = "com.apple.product-type.application";
		};
/* End PBXNativeTarget section */

/* Begin PBXProject section */
		5F6BB78D25B2A4480019E21E /* Project object */ = {
			isa = PBXProject;
			attributes = {
				LastSwiftUpdateCheck = 1230;
				LastUpgradeCheck = 1230;
				TargetAttributes = {
					5F6BB79425B2A4480019E21E = {
						CreatedOnToolsVersion = 12.3;
					};
				};
			};
			buildConfigurationList = 5F6BB79025B2A4480019E21E /* Build configuration list for PBXProject "EasyRoutine" */;
			compatibilityVersion = "Xcode 9.3";
			developmentRegion = en;
			hasScannedForEncodings = 0;
			knownRegions = (
				en,
				Base,
			);
			mainGroup = 5F6BB78C25B2A4480019E21E;
			productRefGroup = 5F6BB79625B2A4480019E21E /* Products */;
			projectDirPath = "";
			projectRoot = "";
			targets = (
				5F6BB79425B2A4480019E21E /* EasyRoutine */,
			);
		};
/* End PBXProject section */

/* Begin PBXResourcesBuildPhase section */
		5F6BB79325B2A4480019E21E /* Resources */ = {
			isa = PBXResourcesBuildPhase;
			buildActionMask = 2147483647;
			files = (
				5F568C002604F26300CC93D9 /* .gitignore in Resources */,
				5F6BB7A825B2A44B0019E21E /* LaunchScreen.storyboard in Resources */,
				5F6BB7A525B2A44B0019E21E /* Assets.xcassets in Resources */,
				5F6BB7A025B2A4480019E21E /* Main.storyboard in Resources */,
			);
			runOnlyForDeploymentPostprocessing = 0;
		};
/* End PBXResourcesBuildPhase section */

/* Begin PBXSourcesBuildPhase section */
		5F6BB79125B2A4480019E21E /* Sources */ = {
			isa = PBXSourcesBuildPhase;
			buildActionMask = 2147483647;
			files = (
				5FD7CD6725B879CF00CF213F /* TaskManager.swift in Sources */,
				5F6BB7A325B2A4480019E21E /* EasyRoutine.xcdatamodeld in Sources */,
				5F6BB7B625B2B8CF0019E21E /* ToDoTableViewController.swift in Sources */,
				5F523B2025B6275B000C319E /* AccountViewController.swift in Sources */,
				5F6BB7C425B2BECC0019E21E /* CoreDataStack.swift in Sources */,
				5F6BB79925B2A4480019E21E /* AppDelegate.swift in Sources */,
				5F523B1625B62676000C319E /* DoneTasksTableViewController.swift in Sources */,
				5FD2C6DF25B4B7430085F74B /* Task+CoreDataProperties.swift in Sources */,
				5F6BB79B25B2A4480019E21E /* SceneDelegate.swift in Sources */,
				5F523B1925B62724000C319E /* DeletedTasksTableViewController.swift in Sources */,
				5F6BB7BC25B2B9760019E21E /* TaskCell.swift in Sources */,
				5FD2C6DE25B4B7430085F74B /* Task+CoreDataClass.swift in Sources */,
				5FD2C6DC25B4B7430085F74B /* User+CoreDataClass.swift in Sources */,
				5F6BB7B925B2B8EC0019E21E /* AddTaskTableViewController.swift in Sources */,
				5FD2C6DD25B4B7430085F74B /* User+CoreDataProperties.swift in Sources */,
			);
			runOnlyForDeploymentPostprocessing = 0;
		};
/* End PBXSourcesBuildPhase section */

/* Begin PBXVariantGroup section */
		5F6BB79E25B2A4480019E21E /* Main.storyboard */ = {
			isa = PBXVariantGroup;
			children = (
				5F6BB79F25B2A4480019E21E /* Base */,
			);
			name = Main.storyboard;
			sourceTree = "<group>";
		};
		5F6BB7A625B2A44B0019E21E /* LaunchScreen.storyboard */ = {
			isa = PBXVariantGroup;
			children = (
				5F6BB7A725B2A44B0019E21E /* Base */,
			);
			name = LaunchScreen.storyboard;
			sourceTree = "<group>";
		};
/* End PBXVariantGroup section */

/* Begin XCBuildConfiguration section */
		5F6BB7AA25B2A44B0019E21E /* Debug */ = {
			isa = XCBuildConfiguration;
			buildSettings = {
				ALWAYS_SEARCH_USER_PATHS = NO;
				CLANG_ANALYZER_NONNULL = YES;
				CLANG_ANALYZER_NUMBER_OBJECT_CONVERSION = YES_AGGRESSIVE;
				CLANG_CXX_LANGUAGE_STANDARD = "gnu++14";
				CLANG_CXX_LIBRARY = "libc++";
				CLANG_ENABLE_MODULES = YES;
				CLANG_ENABLE_OBJC_ARC = YES;
				CLANG_ENABLE_OBJC_WEAK = YES;
				CLANG_WARN_BLOCK_CAPTURE_AUTORELEASING = YES;
				CLANG_WARN_BOOL_CONVERSION = YES;
				CLANG_WARN_COMMA = YES;
				CLANG_WARN_CONSTANT_CONVERSION = YES;
				CLANG_WARN_DEPRECATED_OBJC_IMPLEMENTATIONS = YES;
				CLANG_WARN_DIRECT_OBJC_ISA_USAGE = YES_ERROR;
				CLANG_WARN_DOCUMENTATION_COMMENTS = YES;
				CLANG_WARN_EMPTY_BODY = YES;
				CLANG_WARN_ENUM_CONVERSION = YES;
				CLANG_WARN_INFINITE_RECURSION = YES;
				CLANG_WARN_INT_CONVERSION = YES;
				CLANG_WARN_NON_LITERAL_NULL_CONVERSION = YES;
				CLANG_WARN_OBJC_IMPLICIT_RETAIN_SELF = YES;
				CLANG_WARN_OBJC_LITERAL_CONVERSION = YES;
				CLANG_WARN_OBJC_ROOT_CLASS = YES_ERROR;
				CLANG_WARN_QUOTED_INCLUDE_IN_FRAMEWORK_HEADER = YES;
				CLANG_WARN_RANGE_LOOP_ANALYSIS = YES;
				CLANG_WARN_STRICT_PROTOTYPES = YES;
				CLANG_WARN_SUSPICIOUS_MOVE = YES;
				CLANG_WARN_UNGUARDED_AVAILABILITY = YES_AGGRESSIVE;
				CLANG_WARN_UNREACHABLE_CODE = YES;
				CLANG_WARN__DUPLICATE_METHOD_MATCH = YES;
				COPY_PHASE_STRIP = NO;
				DEBUG_INFORMATION_FORMAT = dwarf;
				ENABLE_STRICT_OBJC_MSGSEND = YES;
				ENABLE_TESTABILITY = YES;
				GCC_C_LANGUAGE_STANDARD = gnu11;
				GCC_DYNAMIC_NO_PIC = NO;
				GCC_NO_COMMON_BLOCKS = YES;
				GCC_OPTIMIZATION_LEVEL = 0;
				GCC_PREPROCESSOR_DEFINITIONS = (
					"DEBUG=1",
					"$(inherited)",
				);
				GCC_WARN_64_TO_32_BIT_CONVERSION = YES;
				GCC_WARN_ABOUT_RETURN_TYPE = YES_ERROR;
				GCC_WARN_UNDECLARED_SELECTOR = YES;
				GCC_WARN_UNINITIALIZED_AUTOS = YES_AGGRESSIVE;
				GCC_WARN_UNUSED_FUNCTION = YES;
				GCC_WARN_UNUSED_VARIABLE = YES;
				IPHONEOS_DEPLOYMENT_TARGET = 14.3;
				MTL_ENABLE_DEBUG_INFO = INCLUDE_SOURCE;
				MTL_FAST_MATH = YES;
				ONLY_ACTIVE_ARCH = YES;
				SDKROOT = iphoneos;
				SWIFT_ACTIVE_COMPILATION_CONDITIONS = DEBUG;
				SWIFT_OPTIMIZATION_LEVEL = "-Onone";
			};
			name = Debug;
		};
		5F6BB7AB25B2A44B0019E21E /* Release */ = {
			isa = XCBuildConfiguration;
			buildSettings = {
				ALWAYS_SEARCH_USER_PATHS = NO;
				CLANG_ANALYZER_NONNULL = YES;
				CLANG_ANALYZER_NUMBER_OBJECT_CONVERSION = YES_AGGRESSIVE;
				CLANG_CXX_LANGUAGE_STANDARD = "gnu++14";
				CLANG_CXX_LIBRARY = "libc++";
				CLANG_ENABLE_MODULES = YES;
				CLANG_ENABLE_OBJC_ARC = YES;
				CLANG_ENABLE_OBJC_WEAK = YES;
				CLANG_WARN_BLOCK_CAPTURE_AUTORELEASING = YES;
				CLANG_WARN_BOOL_CONVERSION = YES;
				CLANG_WARN_COMMA = YES;
				CLANG_WARN_CONSTANT_CONVERSION = YES;
				CLANG_WARN_DEPRECATED_OBJC_IMPLEMENTATIONS = YES;
				CLANG_WARN_DIRECT_OBJC_ISA_USAGE = YES_ERROR;
				CLANG_WARN_DOCUMENTATION_COMMENTS = YES;
				CLANG_WARN_EMPTY_BODY = YES;
				CLANG_WARN_ENUM_CONVERSION = YES;
				CLANG_WARN_INFINITE_RECURSION = YES;
				CLANG_WARN_INT_CONVERSION = YES;
				CLANG_WARN_NON_LITERAL_NULL_CONVERSION = YES;
				CLANG_WARN_OBJC_IMPLICIT_RETAIN_SELF = YES;
				CLANG_WARN_OBJC_LITERAL_CONVERSION = YES;
				CLANG_WARN_OBJC_ROOT_CLASS = YES_ERROR;
				CLANG_WARN_QUOTED_INCLUDE_IN_FRAMEWORK_HEADER = YES;
				CLANG_WARN_RANGE_LOOP_ANALYSIS = YES;
				CLANG_WARN_STRICT_PROTOTYPES = YES;
				CLANG_WARN_SUSPICIOUS_MOVE = YES;
				CLANG_WARN_UNGUARDED_AVAILABILITY = YES_AGGRESSIVE;
				CLANG_WARN_UNREACHABLE_CODE = YES;
				CLANG_WARN__DUPLICATE_METHOD_MATCH = YES;
				COPY_PHASE_STRIP = NO;
				DEBUG_INFORMATION_FORMAT = "dwarf-with-dsym";
				ENABLE_NS_ASSERTIONS = NO;
				ENABLE_STRICT_OBJC_MSGSEND = YES;
				GCC_C_LANGUAGE_STANDARD = gnu11;
				GCC_NO_COMMON_BLOCKS = YES;
				GCC_WARN_64_TO_32_BIT_CONVERSION = YES;
				GCC_WARN_ABOUT_RETURN_TYPE = YES_ERROR;
				GCC_WARN_UNDECLARED_SELECTOR = YES;
				GCC_WARN_UNINITIALIZED_AUTOS = YES_AGGRESSIVE;
				GCC_WARN_UNUSED_FUNCTION = YES;
				GCC_WARN_UNUSED_VARIABLE = YES;
				IPHONEOS_DEPLOYMENT_TARGET = 14.3;
				MTL_ENABLE_DEBUG_INFO = NO;
				MTL_FAST_MATH = YES;
				SDKROOT = iphoneos;
				SWIFT_COMPILATION_MODE = wholemodule;
				SWIFT_OPTIMIZATION_LEVEL = "-O";
				VALIDATE_PRODUCT = YES;
			};
			name = Release;
		};
		5F6BB7AD25B2A44B0019E21E /* Debug */ = {
			isa = XCBuildConfiguration;
			buildSettings = {
				ASSETCATALOG_COMPILER_APPICON_NAME = AppIcon;
				ASSETCATALOG_COMPILER_GLOBAL_ACCENT_COLOR_NAME = AccentColor;
				CODE_SIGN_STYLE = Automatic;
				DEVELOPMENT_TEAM = 8WDL89Q895;
				INFOPLIST_FILE = EasyRoutine/Info.plist;
				LD_RUNPATH_SEARCH_PATHS = (
					"$(inherited)",
					"@executable_path/Frameworks",
				);
				PRODUCT_BUNDLE_IDENTIFIER = StyxInc.EasyRoutine;
				PRODUCT_NAME = "$(TARGET_NAME)";
				SWIFT_VERSION = 5.0;
				TARGETED_DEVICE_FAMILY = "1,2";
			};
			name = Debug;
		};
		5F6BB7AE25B2A44B0019E21E /* Release */ = {
			isa = XCBuildConfiguration;
			buildSettings = {
				ASSETCATALOG_COMPILER_APPICON_NAME = AppIcon;
				ASSETCATALOG_COMPILER_GLOBAL_ACCENT_COLOR_NAME = AccentColor;
				CODE_SIGN_STYLE = Automatic;
				DEVELOPMENT_TEAM = 8WDL89Q895;
				INFOPLIST_FILE = EasyRoutine/Info.plist;
				LD_RUNPATH_SEARCH_PATHS = (
					"$(inherited)",
					"@executable_path/Frameworks",
				);
				PRODUCT_BUNDLE_IDENTIFIER = StyxInc.EasyRoutine;
				PRODUCT_NAME = "$(TARGET_NAME)";
				SWIFT_VERSION = 5.0;
				TARGETED_DEVICE_FAMILY = "1,2";
			};
			name = Release;
		};
/* End XCBuildConfiguration section */

/* Begin XCConfigurationList section */
		5F6BB79025B2A4480019E21E /* Build configuration list for PBXProject "EasyRoutine" */ = {
			isa = XCConfigurationList;
			buildConfigurations = (
				5F6BB7AA25B2A44B0019E21E /* Debug */,
				5F6BB7AB25B2A44B0019E21E /* Release */,
			);
			defaultConfigurationIsVisible = 0;
			defaultConfigurationName = Release;
		};
		5F6BB7AC25B2A44B0019E21E /* Build configuration list for PBXNativeTarget "EasyRoutine" */ = {
			isa = XCConfigurationList;
			buildConfigurations = (
				5F6BB7AD25B2A44B0019E21E /* Debug */,
				5F6BB7AE25B2A44B0019E21E /* Release */,
			);
			defaultConfigurationIsVisible = 0;
			defaultConfigurationName = Release;
		};
/* End XCConfigurationList section */

/* Begin XCVersionGroup section */
		5F6BB7A125B2A4480019E21E /* EasyRoutine.xcdatamodeld */ = {
			isa = XCVersionGroup;
			children = (
				5F6BB7A225B2A4480019E21E /* EasyRoutine.xcdatamodel */,
			);
			currentVersion = 5F6BB7A225B2A4480019E21E /* EasyRoutine.xcdatamodel */;
			path = EasyRoutine.xcdatamodeld;
			sourceTree = "<group>";
			versionGroupType = wrapper.xcdatamodel;
		};
/* End XCVersionGroup section */
	};
	rootObject = 5F6BB78D25B2A4480019E21E /* Project object */;
}
